<?xml version="1.0" encoding="utf-8"?>
<Project ToolsVersion="4.0" xmlns="http://schemas.microsoft.com/developer/msbuild/2003">
  <ItemGroup>
    <ClCompile Include="Application.cpp">
      <Filter>Main</Filter>
    </ClCompile>
    <ClCompile Include="Main.cpp">
      <Filter>Main</Filter>
    </ClCompile>
    <ClCompile Include="Color.cpp">
      <Filter>Sources\Tools</Filter>
    </ClCompile>
    <ClCompile Include="glmath.cpp">
      <Filter>Sources\Tools</Filter>
    </ClCompile>
    <ClCompile Include="Light.cpp">
      <Filter>Sources\Tools</Filter>
    </ClCompile>
    <ClCompile Include="log.cpp">
      <Filter>Sources\Tools</Filter>
    </ClCompile>
    <ClCompile Include="Primitive.cpp">
      <Filter>Sources\Tools</Filter>
    </ClCompile>
    <ClCompile Include="Timer.cpp">
      <Filter>Sources\Tools</Filter>
    </ClCompile>
    <ClCompile Include="ModuleCamera3D.cpp">
      <Filter>Modules</Filter>
    </ClCompile>
    <ClCompile Include="ModuleInput.cpp">
      <Filter>Modules</Filter>
    </ClCompile>
    <ClCompile Include="ModuleRenderer3D.cpp">
      <Filter>Modules</Filter>
    </ClCompile>
    <ClCompile Include="ModuleWindow.cpp">
      <Filter>Modules</Filter>
    </ClCompile>
    <ClCompile Include="External_Libraries\ImGui\imgui.cpp">
      <Filter>Libraries\Imgui</Filter>
    </ClCompile>
    <ClCompile Include="External_Libraries\ImGui\imgui_demo.cpp">
      <Filter>Libraries\Imgui</Filter>
    </ClCompile>
    <ClCompile Include="External_Libraries\ImGui\imgui_draw.cpp">
      <Filter>Libraries\Imgui</Filter>
    </ClCompile>
    <ClCompile Include="External_Libraries\ImGui\imgui_impl_opengl3.cpp">
      <Filter>Libraries\Imgui</Filter>
    </ClCompile>
    <ClCompile Include="External_Libraries\ImGui\imgui_impl_sdl.cpp">
      <Filter>Libraries\Imgui</Filter>
    </ClCompile>
    <ClCompile Include="External_Libraries\ImGui\imgui_tables.cpp">
      <Filter>Libraries\Imgui</Filter>
    </ClCompile>
    <ClCompile Include="External_Libraries\ImGui\imgui_widgets.cpp">
      <Filter>Libraries\Imgui</Filter>
    </ClCompile>
    <ClCompile Include="ModuleDummy.cpp">
      <Filter>Modules</Filter>
    </ClCompile>
    <ClCompile Include="R_Mesh.cpp">
      <Filter>Sources\Resources</Filter>
    </ClCompile>
    <ClCompile Include="T_MeshLoader.cpp">
      <Filter>Sources\Tools\MeshLoader</Filter>
    </ClCompile>
    <ClCompile Include="R_Console.cpp">
      <Filter>Sources\Resources</Filter>
    </ClCompile>
    <ClCompile Include="T_TextureLoader.cpp">
      <Filter>Sources\Tools\TextureLoader</Filter>
    </ClCompile>
    <ClCompile Include="S_Component.cpp">
      <Filter>Sources\GO_Main</Filter>
    </ClCompile>
    <ClCompile Include="S_GameObject.cpp">
      <Filter>Sources\GO_Main</Filter>
    </ClCompile>
  </ItemGroup>
  <ItemGroup>
    <ClInclude Include="Module.h">
      <Filter>Modules</Filter>
    </ClInclude>
    <ClInclude Include="ModuleCamera3D.h">
      <Filter>Modules</Filter>
    </ClInclude>
    <ClInclude Include="ModuleInput.h">
      <Filter>Modules</Filter>
    </ClInclude>
    <ClInclude Include="ModuleRenderer3D.h">
      <Filter>Modules</Filter>
    </ClInclude>
    <ClInclude Include="ModuleWindow.h">
      <Filter>Modules</Filter>
    </ClInclude>
    <ClInclude Include="Application.h">
      <Filter>Main</Filter>
    </ClInclude>
    <ClInclude Include="Globals.h">
      <Filter>Main</Filter>
    </ClInclude>
    <ClInclude Include="Color.h">
      <Filter>Sources\Tools</Filter>
    </ClInclude>
    <ClInclude Include="glmath.h">
      <Filter>Sources\Tools</Filter>
    </ClInclude>
    <ClInclude Include="Light.h">
      <Filter>Sources\Tools</Filter>
    </ClInclude>
    <ClInclude Include="p2DynArray.h">
      <Filter>Sources\Tools</Filter>
    </ClInclude>
    <ClInclude Include="p2List.h">
      <Filter>Sources\Tools</Filter>
    </ClInclude>
    <ClInclude Include="p2Point.h">
      <Filter>Sources\Tools</Filter>
    </ClInclude>
    <ClInclude Include="Primitive.h">
      <Filter>Sources\Tools</Filter>
    </ClInclude>
    <ClInclude Include="Timer.h">
      <Filter>Sources\Tools</Filter>
    </ClInclude>
    <ClInclude Include="External_Libraries\ImGui\imconfig.h">
      <Filter>Libraries\Imgui</Filter>
    </ClInclude>
    <ClInclude Include="External_Libraries\ImGui\imgui.h">
      <Filter>Libraries\Imgui</Filter>
    </ClInclude>
    <ClInclude Include="External_Libraries\ImGui\imgui_impl_opengl3.h">
      <Filter>Libraries\Imgui</Filter>
    </ClInclude>
    <ClInclude Include="External_Libraries\ImGui\imgui_impl_opengl3_loader.h">
      <Filter>Libraries\Imgui</Filter>
    </ClInclude>
    <ClInclude Include="External_Libraries\ImGui\imgui_impl_sdl.h">
      <Filter>Libraries\Imgui</Filter>
    </ClInclude>
    <ClInclude Include="External_Libraries\ImGui\imgui_internal.h">
      <Filter>Libraries\Imgui</Filter>
    </ClInclude>
    <ClInclude Include="External_Libraries\ImGui\imstb_rectpack.h">
      <Filter>Libraries\Imgui</Filter>
    </ClInclude>
    <ClInclude Include="External_Libraries\ImGui\imstb_textedit.h">
      <Filter>Libraries\Imgui</Filter>
    </ClInclude>
    <ClInclude Include="External_Libraries\ImGui\imstb_truetype.h">
      <Filter>Libraries\Imgui</Filter>
    </ClInclude>
    <ClInclude Include="External_Libraries\Glew\include\eglew.h">
      <Filter>Libraries\Glew</Filter>
    </ClInclude>
    <ClInclude Include="External_Libraries\Glew\include\glew.h">
      <Filter>Libraries\Glew</Filter>
    </ClInclude>
    <ClInclude Include="External_Libraries\Glew\include\glxew.h">
      <Filter>Libraries\Glew</Filter>
    </ClInclude>
    <ClInclude Include="External_Libraries\Glew\include\wglew.h">
      <Filter>Libraries\Glew</Filter>
    </ClInclude>
    <ClInclude Include="ModuleDummy.h">
      <Filter>Modules</Filter>
    </ClInclude>
    <ClInclude Include="External_Libraries\Assimp\include\ai_assert.h">
      <Filter>Libraries\Assimp</Filter>
    </ClInclude>
    <ClInclude Include="External_Libraries\Assimp\include\anim.h">
      <Filter>Libraries\Assimp</Filter>
    </ClInclude>
    <ClInclude Include="External_Libraries\Assimp\include\camera.h">
      <Filter>Libraries\Assimp</Filter>
    </ClInclude>
    <ClInclude Include="External_Libraries\Assimp\include\cexport.h">
      <Filter>Libraries\Assimp</Filter>
    </ClInclude>
    <ClInclude Include="External_Libraries\Assimp\include\cfileio.h">
      <Filter>Libraries\Assimp</Filter>
    </ClInclude>
    <ClInclude Include="External_Libraries\Assimp\include\cimport.h">
      <Filter>Libraries\Assimp</Filter>
    </ClInclude>
    <ClInclude Include="External_Libraries\Assimp\include\color4.h">
      <Filter>Libraries\Assimp</Filter>
    </ClInclude>
    <ClInclude Include="External_Libraries\Assimp\include\config.h">
      <Filter>Libraries\Assimp</Filter>
    </ClInclude>
    <ClInclude Include="External_Libraries\Assimp\include\DefaultLogger.hpp">
      <Filter>Libraries\Assimp</Filter>
    </ClInclude>
    <ClInclude Include="External_Libraries\Assimp\include\defs.h">
      <Filter>Libraries\Assimp</Filter>
    </ClInclude>
    <ClInclude Include="External_Libraries\Assimp\include\Exporter.hpp">
      <Filter>Libraries\Assimp</Filter>
    </ClInclude>
    <ClInclude Include="External_Libraries\Assimp\include\Importer.hpp">
      <Filter>Libraries\Assimp</Filter>
    </ClInclude>
    <ClInclude Include="External_Libraries\Assimp\include\importerdesc.h">
      <Filter>Libraries\Assimp</Filter>
    </ClInclude>
    <ClInclude Include="External_Libraries\Assimp\include\IOStream.hpp">
      <Filter>Libraries\Assimp</Filter>
    </ClInclude>
    <ClInclude Include="External_Libraries\Assimp\include\IOSystem.hpp">
      <Filter>Libraries\Assimp</Filter>
    </ClInclude>
    <ClInclude Include="External_Libraries\Assimp\include\light.h">
      <Filter>Libraries\Assimp</Filter>
    </ClInclude>
    <ClInclude Include="External_Libraries\Assimp\include\Logger.hpp">
      <Filter>Libraries\Assimp</Filter>
    </ClInclude>
    <ClInclude Include="External_Libraries\Assimp\include\LogStream.hpp">
      <Filter>Libraries\Assimp</Filter>
    </ClInclude>
    <ClInclude Include="External_Libraries\Assimp\include\material.h">
      <Filter>Libraries\Assimp</Filter>
    </ClInclude>
    <ClInclude Include="External_Libraries\Assimp\include\matrix3x3.h">
      <Filter>Libraries\Assimp</Filter>
    </ClInclude>
    <ClInclude Include="External_Libraries\Assimp\include\matrix4x4.h">
      <Filter>Libraries\Assimp</Filter>
    </ClInclude>
    <ClInclude Include="External_Libraries\Assimp\include\mesh.h">
      <Filter>Libraries\Assimp</Filter>
    </ClInclude>
    <ClInclude Include="External_Libraries\Assimp\include\metadata.h">
      <Filter>Libraries\Assimp</Filter>
    </ClInclude>
    <ClInclude Include="External_Libraries\Assimp\include\NullLogger.hpp">
      <Filter>Libraries\Assimp</Filter>
    </ClInclude>
    <ClInclude Include="External_Libraries\Assimp\include\postprocess.h">
      <Filter>Libraries\Assimp</Filter>
    </ClInclude>
    <ClInclude Include="External_Libraries\Assimp\include\ProgressHandler.hpp">
      <Filter>Libraries\Assimp</Filter>
    </ClInclude>
    <ClInclude Include="External_Libraries\Assimp\include\quaternion.h">
      <Filter>Libraries\Assimp</Filter>
    </ClInclude>
    <ClInclude Include="External_Libraries\Assimp\include\scene.h">
      <Filter>Libraries\Assimp</Filter>
    </ClInclude>
    <ClInclude Include="External_Libraries\Assimp\include\texture.h">
      <Filter>Libraries\Assimp</Filter>
    </ClInclude>
    <ClInclude Include="External_Libraries\Assimp\include\types.h">
      <Filter>Libraries\Assimp</Filter>
    </ClInclude>
    <ClInclude Include="External_Libraries\Assimp\include\vector2.h">
      <Filter>Libraries\Assimp</Filter>
    </ClInclude>
    <ClInclude Include="External_Libraries\Assimp\include\vector3.h">
      <Filter>Libraries\Assimp</Filter>
    </ClInclude>
    <ClInclude Include="External_Libraries\Assimp\include\version.h">
      <Filter>Libraries\Assimp</Filter>
    </ClInclude>
    <ClInclude Include="R_Mesh.h">
      <Filter>Sources\Resources</Filter>
    </ClInclude>
    <ClInclude Include="T_MeshLoader.h">
      <Filter>Sources\Tools\MeshLoader</Filter>
    </ClInclude>
    <ClInclude Include="R_Console.h">
      <Filter>Sources\Resources</Filter>
    </ClInclude>
    <ClInclude Include="T_TextureLoader.h">
      <Filter>Sources\Tools\TextureLoader</Filter>
    </ClInclude>
    <ClInclude Include="S_Component.h">
      <Filter>Sources\GO_Main</Filter>
    </ClInclude>
    <ClInclude Include="S_GameObject.h">
      <Filter>Sources\GO_Main</Filter>
    </ClInclude>
  </ItemGroup>
  <ItemGroup>
    <Filter Include="Modules">
      <UniqueIdentifier>{20d97d2b-15ab-48e8-90ab-76a92e774fe0}</UniqueIdentifier>
    </Filter>
    <Filter Include="Main">
      <UniqueIdentifier>{0e663890-19b2-4b6e-a30c-ff784909f5f9}</UniqueIdentifier>
    </Filter>
    <Filter Include="Libraries">
      <UniqueIdentifier>{b124ad26-1602-4d47-9b8b-f46da722b6ad}</UniqueIdentifier>
    </Filter>
    <Filter Include="Libraries\Imgui">
      <UniqueIdentifier>{96b09c14-82d5-4d91-924f-656a1d6c9b59}</UniqueIdentifier>
    </Filter>
    <Filter Include="Libraries\Glew">
      <UniqueIdentifier>{2d5abae7-b934-492c-8235-71d40148b9e3}</UniqueIdentifier>
    </Filter>
    <Filter Include="Libraries\Assimp">
      <UniqueIdentifier>{6372a590-ed71-4c9a-b0d1-d0740cdeea24}</UniqueIdentifier>
    </Filter>
    <Filter Include="Sources">
      <UniqueIdentifier>{022f6d58-f385-42dc-95be-ca257c88e24b}</UniqueIdentifier>
    </Filter>
    <Filter Include="Sources\Tools">
      <UniqueIdentifier>{4291afe4-2af7-44bd-b765-4d5c51b8cb05}</UniqueIdentifier>
    </Filter>
    <Filter Include="Sources\Resources">
      <UniqueIdentifier>{e7cdcfb6-bd46-4df7-9ebf-2c42a97e60d1}</UniqueIdentifier>
    </Filter>
    <Filter Include="Sources\Tools\MeshLoader">
      <UniqueIdentifier>{5e67f12b-e611-4d1f-bec4-5ac218de2797}</UniqueIdentifier>
    </Filter>
    <Filter Include="Sources\Tools\TextureLoader">
      <UniqueIdentifier>{9944659e-6ff3-4560-9490-3690d3cd39dd}</UniqueIdentifier>
    </Filter>
    <Filter Include="Sources\GO_Main">
      <UniqueIdentifier>{a578bfa1-229e-4a09-a44d-9a99dc73b347}</UniqueIdentifier>
    </Filter>
    <Filter Include="Sources\GO_Components">
      <UniqueIdentifier>{6a787833-16d7-4252-9860-154592f9cb75}</UniqueIdentifier>
    </Filter>
  </ItemGroup>
  <ItemGroup>
    <None Include="External_Libraries\Assimp\include\color4.inl">
      <Filter>Libraries\Assimp</Filter>
    </None>
    <None Include="External_Libraries\Assimp\include\material.inl">
      <Filter>Libraries\Assimp</Filter>
    </None>
    <None Include="External_Libraries\Assimp\include\matrix3x3.inl">
      <Filter>Libraries\Assimp</Filter>
    </None>
    <None Include="External_Libraries\Assimp\include\matrix4x4.inl">
      <Filter>Libraries\Assimp</Filter>
    </None>
    <None Include="External_Libraries\Assimp\include\quaternion.inl">
      <Filter>Libraries\Assimp</Filter>
    </None>
    <None Include="External_Libraries\Assimp\include\vector2.inl">
      <Filter>Libraries\Assimp</Filter>
    </None>
    <None Include="External_Libraries\Assimp\include\vector3.inl">
      <Filter>Libraries\Assimp</Filter>
    </None>
  </ItemGroup>
</Project>