<?xml version="1.0" encoding="utf-8"?>
<Project ToolsVersion="4.0" xmlns="http://schemas.microsoft.com/developer/msbuild/2003">
  <ItemGroup>
    <ClCompile Include="Application.cpp">
      <Filter>Main</Filter>
    </ClCompile>
    <ClCompile Include="Main.cpp">
      <Filter>Main</Filter>
    </ClCompile>
    <ClCompile Include="Color.cpp">
      <Filter>Sources\Tools</Filter>
    </ClCompile>
    <ClCompile Include="glmath.cpp">
      <Filter>Sources\Tools</Filter>
    </ClCompile>
    <ClCompile Include="Light.cpp">
      <Filter>Sources\Tools</Filter>
    </ClCompile>
    <ClCompile Include="log.cpp">
      <Filter>Sources\Tools</Filter>
    </ClCompile>
    <ClCompile Include="Primitive.cpp">
      <Filter>Sources\Tools</Filter>
    </ClCompile>
    <ClCompile Include="Timer.cpp">
      <Filter>Sources\Tools</Filter>
    </ClCompile>
    <ClCompile Include="ModuleCamera3D.cpp">
      <Filter>Modules</Filter>
    </ClCompile>
    <ClCompile Include="ModuleInput.cpp">
      <Filter>Modules</Filter>
    </ClCompile>
    <ClCompile Include="ModuleRenderer3D.cpp">
      <Filter>Modules</Filter>
    </ClCompile>
    <ClCompile Include="ModuleWindow.cpp">
      <Filter>Modules</Filter>
    </ClCompile>
    <ClCompile Include="External_Libraries\ImGui\imgui.cpp">
      <Filter>Libraries\Imgui</Filter>
    </ClCompile>
    <ClCompile Include="External_Libraries\ImGui\imgui_demo.cpp">
      <Filter>Libraries\Imgui</Filter>
    </ClCompile>
    <ClCompile Include="External_Libraries\ImGui\imgui_draw.cpp">
      <Filter>Libraries\Imgui</Filter>
    </ClCompile>
    <ClCompile Include="External_Libraries\ImGui\imgui_impl_opengl3.cpp">
      <Filter>Libraries\Imgui</Filter>
    </ClCompile>
    <ClCompile Include="External_Libraries\ImGui\imgui_impl_sdl.cpp">
      <Filter>Libraries\Imgui</Filter>
    </ClCompile>
    <ClCompile Include="External_Libraries\ImGui\imgui_tables.cpp">
      <Filter>Libraries\Imgui</Filter>
    </ClCompile>
    <ClCompile Include="External_Libraries\ImGui\imgui_widgets.cpp">
      <Filter>Libraries\Imgui</Filter>
    </ClCompile>
    <ClCompile Include="ModuleDummy.cpp">
      <Filter>Modules</Filter>
    </ClCompile>
    <ClCompile Include="R_Mesh.cpp">
      <Filter>Sources\Resources</Filter>
    </ClCompile>
    <ClCompile Include="T_MeshLoader.cpp">
      <Filter>Sources\Tools\MeshLoader</Filter>
    </ClCompile>
    <ClCompile Include="T_TextureLoader.cpp">
      <Filter>Sources\Tools\TextureLoader</Filter>
    </ClCompile>
    <ClCompile Include="S_Component.cpp">
      <Filter>Sources\GO_Main</Filter>
    </ClCompile>
    <ClCompile Include="S_GameObject.cpp">
      <Filter>Sources\GO_Main</Filter>
    </ClCompile>
    <ClCompile Include="C_Transform.cpp">
      <Filter>Sources\GO_Components</Filter>
    </ClCompile>
    <ClCompile Include="ImMainWindow.cpp">
      <Filter>Sources\Resources\ImguiWindows</Filter>
    </ClCompile>
    <ClCompile Include="ImMainMenuBar.cpp">
      <Filter>Sources\Resources\ImguiWindows</Filter>
    </ClCompile>
    <ClCompile Include="ImGuiSamples.cpp">
      <Filter>Sources\Resources\ImGuiSamples</Filter>
    </ClCompile>
    <ClCompile Include="R_Console.cpp">
      <Filter>Sources\Resources\ImguiWindows</Filter>
    </ClCompile>
    <ClCompile Include="ImHierarchyWindow.cpp">
      <Filter>Sources\Resources\ImguiWindows</Filter>
    </ClCompile>
    <ClCompile Include="ImInspectorWindow.cpp">
      <Filter>Sources\Resources\ImguiWindows</Filter>
    </ClCompile>
    <ClCompile Include="ImSceneWindow.cpp">
      <Filter>Sources\Resources\ImguiWindows</Filter>
    </ClCompile>
    <ClCompile Include="ImConfigWindow.cpp">
      <Filter>Sources\Resources\ImguiWindows</Filter>
    </ClCompile>
    <ClCompile Include="External_Libraries\MathGeoLib\include\Algorithm\Random\LCG.cpp">
      <Filter>Libraries\MathGeoLib</Filter>
    </ClCompile>
    <ClCompile Include="External_Libraries\MathGeoLib\include\Geometry\AABB.cpp">
      <Filter>Libraries\MathGeoLib</Filter>
    </ClCompile>
    <ClCompile Include="External_Libraries\MathGeoLib\include\Geometry\Capsule.cpp">
      <Filter>Libraries\MathGeoLib</Filter>
    </ClCompile>
    <ClCompile Include="External_Libraries\MathGeoLib\include\Geometry\Circle.cpp">
      <Filter>Libraries\MathGeoLib</Filter>
    </ClCompile>
    <ClCompile Include="External_Libraries\MathGeoLib\include\Geometry\Cone.cpp">
      <Filter>Libraries\MathGeoLib</Filter>
    </ClCompile>
    <ClCompile Include="External_Libraries\MathGeoLib\include\Geometry\Cylinder.cpp">
      <Filter>Libraries\MathGeoLib</Filter>
    </ClCompile>
    <ClCompile Include="External_Libraries\MathGeoLib\include\Geometry\Frustum.cpp">
      <Filter>Libraries\MathGeoLib</Filter>
    </ClCompile>
    <ClCompile Include="External_Libraries\MathGeoLib\include\Geometry\Line.cpp">
      <Filter>Libraries\MathGeoLib</Filter>
    </ClCompile>
    <ClCompile Include="External_Libraries\MathGeoLib\include\Geometry\LineSegment.cpp">
      <Filter>Libraries\MathGeoLib</Filter>
    </ClCompile>
    <ClCompile Include="External_Libraries\MathGeoLib\include\Geometry\OBB.cpp">
      <Filter>Libraries\MathGeoLib</Filter>
    </ClCompile>
    <ClCompile Include="External_Libraries\MathGeoLib\include\Geometry\Plane.cpp">
      <Filter>Libraries\MathGeoLib</Filter>
    </ClCompile>
    <ClCompile Include="External_Libraries\MathGeoLib\include\Geometry\Polygon.cpp">
      <Filter>Libraries\MathGeoLib</Filter>
    </ClCompile>
    <ClCompile Include="External_Libraries\MathGeoLib\include\Geometry\Polyhedron.cpp">
      <Filter>Libraries\MathGeoLib</Filter>
    </ClCompile>
    <ClCompile Include="External_Libraries\MathGeoLib\include\Geometry\Ray.cpp">
      <Filter>Libraries\MathGeoLib</Filter>
    </ClCompile>
    <ClCompile Include="External_Libraries\MathGeoLib\include\Geometry\Sphere.cpp">
      <Filter>Libraries\MathGeoLib</Filter>
    </ClCompile>
    <ClCompile Include="External_Libraries\MathGeoLib\include\Geometry\Triangle.cpp">
      <Filter>Libraries\MathGeoLib</Filter>
    </ClCompile>
    <ClCompile Include="External_Libraries\MathGeoLib\include\Geometry\TriangleMesh.cpp">
      <Filter>Libraries\MathGeoLib</Filter>
    </ClCompile>
    <ClCompile Include="External_Libraries\MathGeoLib\include\Math\BitOps.cpp">
      <Filter>Libraries\MathGeoLib</Filter>
    </ClCompile>
    <ClCompile Include="External_Libraries\MathGeoLib\include\Math\float2.cpp">
      <Filter>Libraries\MathGeoLib</Filter>
    </ClCompile>
    <ClCompile Include="External_Libraries\MathGeoLib\include\Math\float3.cpp">
      <Filter>Libraries\MathGeoLib</Filter>
    </ClCompile>
    <ClCompile Include="External_Libraries\MathGeoLib\include\Math\float3x3.cpp">
      <Filter>Libraries\MathGeoLib</Filter>
    </ClCompile>
    <ClCompile Include="External_Libraries\MathGeoLib\include\Math\float3x4.cpp">
      <Filter>Libraries\MathGeoLib</Filter>
    </ClCompile>
    <ClCompile Include="External_Libraries\MathGeoLib\include\Math\float4.cpp">
      <Filter>Libraries\MathGeoLib</Filter>
    </ClCompile>
    <ClCompile Include="External_Libraries\MathGeoLib\include\Math\float4x4.cpp">
      <Filter>Libraries\MathGeoLib</Filter>
    </ClCompile>
    <ClCompile Include="External_Libraries\MathGeoLib\include\Math\MathFunc.cpp">
      <Filter>Libraries\MathGeoLib</Filter>
    </ClCompile>
    <ClCompile Include="External_Libraries\MathGeoLib\include\Math\MathLog.cpp">
      <Filter>Libraries\MathGeoLib</Filter>
    </ClCompile>
    <ClCompile Include="External_Libraries\MathGeoLib\include\Math\MathOps.cpp">
      <Filter>Libraries\MathGeoLib</Filter>
    </ClCompile>
    <ClCompile Include="External_Libraries\MathGeoLib\include\Math\Polynomial.cpp">
      <Filter>Libraries\MathGeoLib</Filter>
    </ClCompile>
    <ClCompile Include="External_Libraries\MathGeoLib\include\Math\Quat.cpp">
      <Filter>Libraries\MathGeoLib</Filter>
    </ClCompile>
    <ClCompile Include="External_Libraries\MathGeoLib\include\Math\SSEMath.cpp">
      <Filter>Libraries\MathGeoLib</Filter>
    </ClCompile>
    <ClCompile Include="External_Libraries\MathGeoLib\include\Math\TransformOps.cpp">
      <Filter>Libraries\MathGeoLib</Filter>
    </ClCompile>
    <ClCompile Include="External_Libraries\MathGeoLib\include\Time\Clock.cpp">
      <Filter>Libraries\MathGeoLib</Filter>
    </ClCompile>
    <ClCompile Include="C_Mesh.cpp">
      <Filter>Sources\GO_Components</Filter>
    </ClCompile>
    <ClCompile Include="ModuleResources.cpp">
      <Filter>Modules</Filter>
    </ClCompile>
    <ClCompile Include="CameraClass.cpp">
      <Filter>Sources\Tools\Camera</Filter>
    </ClCompile>
    <ClCompile Include="ImGameWindow.cpp">
      <Filter>Sources\Resources\ImguiWindows</Filter>
    </ClCompile>
    <ClCompile Include="CamBuffers.cpp">
      <Filter>Sources\Tools\CamBuffers</Filter>
    </ClCompile>
  </ItemGroup>
  <ItemGroup>
    <ClInclude Include="Module.h">
      <Filter>Modules</Filter>
    </ClInclude>
    <ClInclude Include="ModuleCamera3D.h">
      <Filter>Modules</Filter>
    </ClInclude>
    <ClInclude Include="ModuleInput.h">
      <Filter>Modules</Filter>
    </ClInclude>
    <ClInclude Include="ModuleRenderer3D.h">
      <Filter>Modules</Filter>
    </ClInclude>
    <ClInclude Include="ModuleWindow.h">
      <Filter>Modules</Filter>
    </ClInclude>
    <ClInclude Include="Application.h">
      <Filter>Main</Filter>
    </ClInclude>
    <ClInclude Include="Globals.h">
      <Filter>Main</Filter>
    </ClInclude>
    <ClInclude Include="Color.h">
      <Filter>Sources\Tools</Filter>
    </ClInclude>
    <ClInclude Include="glmath.h">
      <Filter>Sources\Tools</Filter>
    </ClInclude>
    <ClInclude Include="Light.h">
      <Filter>Sources\Tools</Filter>
    </ClInclude>
    <ClInclude Include="p2DynArray.h">
      <Filter>Sources\Tools</Filter>
    </ClInclude>
    <ClInclude Include="p2List.h">
      <Filter>Sources\Tools</Filter>
    </ClInclude>
    <ClInclude Include="p2Point.h">
      <Filter>Sources\Tools</Filter>
    </ClInclude>
    <ClInclude Include="Primitive.h">
      <Filter>Sources\Tools</Filter>
    </ClInclude>
    <ClInclude Include="Timer.h">
      <Filter>Sources\Tools</Filter>
    </ClInclude>
    <ClInclude Include="External_Libraries\ImGui\imconfig.h">
      <Filter>Libraries\Imgui</Filter>
    </ClInclude>
    <ClInclude Include="External_Libraries\ImGui\imgui.h">
      <Filter>Libraries\Imgui</Filter>
    </ClInclude>
    <ClInclude Include="External_Libraries\ImGui\imgui_impl_opengl3.h">
      <Filter>Libraries\Imgui</Filter>
    </ClInclude>
    <ClInclude Include="External_Libraries\ImGui\imgui_impl_opengl3_loader.h">
      <Filter>Libraries\Imgui</Filter>
    </ClInclude>
    <ClInclude Include="External_Libraries\ImGui\imgui_impl_sdl.h">
      <Filter>Libraries\Imgui</Filter>
    </ClInclude>
    <ClInclude Include="External_Libraries\ImGui\imgui_internal.h">
      <Filter>Libraries\Imgui</Filter>
    </ClInclude>
    <ClInclude Include="External_Libraries\ImGui\imstb_rectpack.h">
      <Filter>Libraries\Imgui</Filter>
    </ClInclude>
    <ClInclude Include="External_Libraries\ImGui\imstb_textedit.h">
      <Filter>Libraries\Imgui</Filter>
    </ClInclude>
    <ClInclude Include="External_Libraries\ImGui\imstb_truetype.h">
      <Filter>Libraries\Imgui</Filter>
    </ClInclude>
    <ClInclude Include="External_Libraries\Glew\include\eglew.h">
      <Filter>Libraries\Glew</Filter>
    </ClInclude>
    <ClInclude Include="External_Libraries\Glew\include\glew.h">
      <Filter>Libraries\Glew</Filter>
    </ClInclude>
    <ClInclude Include="External_Libraries\Glew\include\glxew.h">
      <Filter>Libraries\Glew</Filter>
    </ClInclude>
    <ClInclude Include="External_Libraries\Glew\include\wglew.h">
      <Filter>Libraries\Glew</Filter>
    </ClInclude>
    <ClInclude Include="ModuleDummy.h">
      <Filter>Modules</Filter>
    </ClInclude>
    <ClInclude Include="External_Libraries\Assimp\include\ai_assert.h">
      <Filter>Libraries\Assimp</Filter>
    </ClInclude>
    <ClInclude Include="External_Libraries\Assimp\include\anim.h">
      <Filter>Libraries\Assimp</Filter>
    </ClInclude>
    <ClInclude Include="External_Libraries\Assimp\include\camera.h">
      <Filter>Libraries\Assimp</Filter>
    </ClInclude>
    <ClInclude Include="External_Libraries\Assimp\include\cexport.h">
      <Filter>Libraries\Assimp</Filter>
    </ClInclude>
    <ClInclude Include="External_Libraries\Assimp\include\cfileio.h">
      <Filter>Libraries\Assimp</Filter>
    </ClInclude>
    <ClInclude Include="External_Libraries\Assimp\include\cimport.h">
      <Filter>Libraries\Assimp</Filter>
    </ClInclude>
    <ClInclude Include="External_Libraries\Assimp\include\color4.h">
      <Filter>Libraries\Assimp</Filter>
    </ClInclude>
    <ClInclude Include="External_Libraries\Assimp\include\config.h">
      <Filter>Libraries\Assimp</Filter>
    </ClInclude>
    <ClInclude Include="External_Libraries\Assimp\include\DefaultLogger.hpp">
      <Filter>Libraries\Assimp</Filter>
    </ClInclude>
    <ClInclude Include="External_Libraries\Assimp\include\defs.h">
      <Filter>Libraries\Assimp</Filter>
    </ClInclude>
    <ClInclude Include="External_Libraries\Assimp\include\Exporter.hpp">
      <Filter>Libraries\Assimp</Filter>
    </ClInclude>
    <ClInclude Include="External_Libraries\Assimp\include\Importer.hpp">
      <Filter>Libraries\Assimp</Filter>
    </ClInclude>
    <ClInclude Include="External_Libraries\Assimp\include\importerdesc.h">
      <Filter>Libraries\Assimp</Filter>
    </ClInclude>
    <ClInclude Include="External_Libraries\Assimp\include\IOStream.hpp">
      <Filter>Libraries\Assimp</Filter>
    </ClInclude>
    <ClInclude Include="External_Libraries\Assimp\include\IOSystem.hpp">
      <Filter>Libraries\Assimp</Filter>
    </ClInclude>
    <ClInclude Include="External_Libraries\Assimp\include\light.h">
      <Filter>Libraries\Assimp</Filter>
    </ClInclude>
    <ClInclude Include="External_Libraries\Assimp\include\Logger.hpp">
      <Filter>Libraries\Assimp</Filter>
    </ClInclude>
    <ClInclude Include="External_Libraries\Assimp\include\LogStream.hpp">
      <Filter>Libraries\Assimp</Filter>
    </ClInclude>
    <ClInclude Include="External_Libraries\Assimp\include\material.h">
      <Filter>Libraries\Assimp</Filter>
    </ClInclude>
    <ClInclude Include="External_Libraries\Assimp\include\matrix3x3.h">
      <Filter>Libraries\Assimp</Filter>
    </ClInclude>
    <ClInclude Include="External_Libraries\Assimp\include\matrix4x4.h">
      <Filter>Libraries\Assimp</Filter>
    </ClInclude>
    <ClInclude Include="External_Libraries\Assimp\include\mesh.h">
      <Filter>Libraries\Assimp</Filter>
    </ClInclude>
    <ClInclude Include="External_Libraries\Assimp\include\metadata.h">
      <Filter>Libraries\Assimp</Filter>
    </ClInclude>
    <ClInclude Include="External_Libraries\Assimp\include\NullLogger.hpp">
      <Filter>Libraries\Assimp</Filter>
    </ClInclude>
    <ClInclude Include="External_Libraries\Assimp\include\postprocess.h">
      <Filter>Libraries\Assimp</Filter>
    </ClInclude>
    <ClInclude Include="External_Libraries\Assimp\include\ProgressHandler.hpp">
      <Filter>Libraries\Assimp</Filter>
    </ClInclude>
    <ClInclude Include="External_Libraries\Assimp\include\quaternion.h">
      <Filter>Libraries\Assimp</Filter>
    </ClInclude>
    <ClInclude Include="External_Libraries\Assimp\include\scene.h">
      <Filter>Libraries\Assimp</Filter>
    </ClInclude>
    <ClInclude Include="External_Libraries\Assimp\include\texture.h">
      <Filter>Libraries\Assimp</Filter>
    </ClInclude>
    <ClInclude Include="External_Libraries\Assimp\include\types.h">
      <Filter>Libraries\Assimp</Filter>
    </ClInclude>
    <ClInclude Include="External_Libraries\Assimp\include\vector2.h">
      <Filter>Libraries\Assimp</Filter>
    </ClInclude>
    <ClInclude Include="External_Libraries\Assimp\include\vector3.h">
      <Filter>Libraries\Assimp</Filter>
    </ClInclude>
    <ClInclude Include="External_Libraries\Assimp\include\version.h">
      <Filter>Libraries\Assimp</Filter>
    </ClInclude>
    <ClInclude Include="R_Mesh.h">
      <Filter>Sources\Resources</Filter>
    </ClInclude>
    <ClInclude Include="T_MeshLoader.h">
      <Filter>Sources\Tools\MeshLoader</Filter>
    </ClInclude>
    <ClInclude Include="T_TextureLoader.h">
      <Filter>Sources\Tools\TextureLoader</Filter>
    </ClInclude>
    <ClInclude Include="S_Component.h">
      <Filter>Sources\GO_Main</Filter>
    </ClInclude>
    <ClInclude Include="C_Transform.h">
      <Filter>Sources\GO_Components</Filter>
    </ClInclude>
    <ClInclude Include="ImMainWindow.h">
      <Filter>Sources\Resources\ImguiWindows</Filter>
    </ClInclude>
    <ClInclude Include="ImMainMenuBar.h">
      <Filter>Sources\Resources\ImguiWindows</Filter>
    </ClInclude>
    <ClInclude Include="ImGuiSamples.h">
      <Filter>Sources\Resources\ImGuiSamples</Filter>
    </ClInclude>
    <ClInclude Include="R_Console.h">
      <Filter>Sources\Resources\ImguiWindows</Filter>
    </ClInclude>
    <ClInclude Include="ImSceneWindow.h">
      <Filter>Sources\Resources\ImguiWindows</Filter>
    </ClInclude>
    <ClInclude Include="ImHierarchyWindow.h">
      <Filter>Sources\Resources\ImguiWindows</Filter>
    </ClInclude>
    <ClInclude Include="ImInspectorWindow.h">
      <Filter>Sources\Resources\ImguiWindows</Filter>
    </ClInclude>
    <ClInclude Include="ImConfigWindow.h">
      <Filter>Sources\Resources\ImguiWindows</Filter>
    </ClInclude>
    <ClInclude Include="S_GameObject.h">
      <Filter>Sources\GO_Main</Filter>
    </ClInclude>
    <ClInclude Include="External_Libraries\MathGeoLib\include\MathBuildConfig.h">
      <Filter>Libraries\MathGeoLib</Filter>
    </ClInclude>
    <ClInclude Include="External_Libraries\MathGeoLib\include\MathGeoLib.h">
      <Filter>Libraries\MathGeoLib</Filter>
    </ClInclude>
    <ClInclude Include="External_Libraries\MathGeoLib\include\MathGeoLibFwd.h">
      <Filter>Libraries\MathGeoLib</Filter>
    </ClInclude>
    <ClInclude Include="External_Libraries\MathGeoLib\include\Algorithm\Random\LCG.h">
      <Filter>Libraries\MathGeoLib</Filter>
    </ClInclude>
    <ClInclude Include="External_Libraries\MathGeoLib\include\Geometry\AABB.h">
      <Filter>Libraries\MathGeoLib</Filter>
    </ClInclude>
    <ClInclude Include="External_Libraries\MathGeoLib\include\Geometry\AABB2D.h">
      <Filter>Libraries\MathGeoLib</Filter>
    </ClInclude>
    <ClInclude Include="External_Libraries\MathGeoLib\include\Geometry\Capsule.h">
      <Filter>Libraries\MathGeoLib</Filter>
    </ClInclude>
    <ClInclude Include="External_Libraries\MathGeoLib\include\Geometry\Circle.h">
      <Filter>Libraries\MathGeoLib</Filter>
    </ClInclude>
    <ClInclude Include="External_Libraries\MathGeoLib\include\Geometry\Cone.h">
      <Filter>Libraries\MathGeoLib</Filter>
    </ClInclude>
    <ClInclude Include="External_Libraries\MathGeoLib\include\Geometry\Cylinder.h">
      <Filter>Libraries\MathGeoLib</Filter>
    </ClInclude>
    <ClInclude Include="External_Libraries\MathGeoLib\include\Geometry\Frustum.h">
      <Filter>Libraries\MathGeoLib</Filter>
    </ClInclude>
    <ClInclude Include="External_Libraries\MathGeoLib\include\Geometry\GeometryAll.h">
      <Filter>Libraries\MathGeoLib</Filter>
    </ClInclude>
    <ClInclude Include="External_Libraries\MathGeoLib\include\Geometry\GeomType.h">
      <Filter>Libraries\MathGeoLib</Filter>
    </ClInclude>
    <ClInclude Include="External_Libraries\MathGeoLib\include\Geometry\HitInfo.h">
      <Filter>Libraries\MathGeoLib</Filter>
    </ClInclude>
    <ClInclude Include="External_Libraries\MathGeoLib\include\Geometry\KDTree.h">
      <Filter>Libraries\MathGeoLib</Filter>
    </ClInclude>
    <ClInclude Include="External_Libraries\MathGeoLib\include\Geometry\Line.h">
      <Filter>Libraries\MathGeoLib</Filter>
    </ClInclude>
    <ClInclude Include="External_Libraries\MathGeoLib\include\Geometry\LineSegment.h">
      <Filter>Libraries\MathGeoLib</Filter>
    </ClInclude>
    <ClInclude Include="External_Libraries\MathGeoLib\include\Geometry\OBB.h">
      <Filter>Libraries\MathGeoLib</Filter>
    </ClInclude>
    <ClInclude Include="External_Libraries\MathGeoLib\include\Geometry\PBVolume.h">
      <Filter>Libraries\MathGeoLib</Filter>
    </ClInclude>
    <ClInclude Include="External_Libraries\MathGeoLib\include\Geometry\Plane.h">
      <Filter>Libraries\MathGeoLib</Filter>
    </ClInclude>
    <ClInclude Include="External_Libraries\MathGeoLib\include\Geometry\Polygon.h">
      <Filter>Libraries\MathGeoLib</Filter>
    </ClInclude>
    <ClInclude Include="External_Libraries\MathGeoLib\include\Geometry\Polyhedron.h">
      <Filter>Libraries\MathGeoLib</Filter>
    </ClInclude>
    <ClInclude Include="External_Libraries\MathGeoLib\include\Geometry\QuadTree.h">
      <Filter>Libraries\MathGeoLib</Filter>
    </ClInclude>
    <ClInclude Include="External_Libraries\MathGeoLib\include\Geometry\Ray.h">
      <Filter>Libraries\MathGeoLib</Filter>
    </ClInclude>
    <ClInclude Include="External_Libraries\MathGeoLib\include\Geometry\Sphere.h">
      <Filter>Libraries\MathGeoLib</Filter>
    </ClInclude>
    <ClInclude Include="External_Libraries\MathGeoLib\include\Geometry\Triangle.h">
      <Filter>Libraries\MathGeoLib</Filter>
    </ClInclude>
    <ClInclude Include="External_Libraries\MathGeoLib\include\Geometry\TriangleMesh.h">
      <Filter>Libraries\MathGeoLib</Filter>
    </ClInclude>
    <ClInclude Include="External_Libraries\MathGeoLib\include\Math\assume.h">
      <Filter>Libraries\MathGeoLib</Filter>
    </ClInclude>
    <ClInclude Include="External_Libraries\MathGeoLib\include\Math\BitOps.h">
      <Filter>Libraries\MathGeoLib</Filter>
    </ClInclude>
    <ClInclude Include="External_Libraries\MathGeoLib\include\Math\Complex.h">
      <Filter>Libraries\MathGeoLib</Filter>
    </ClInclude>
    <ClInclude Include="External_Libraries\MathGeoLib\include\Math\CoordinateAxisConvention.h">
      <Filter>Libraries\MathGeoLib</Filter>
    </ClInclude>
    <ClInclude Include="External_Libraries\MathGeoLib\include\Math\FixedPoint.h">
      <Filter>Libraries\MathGeoLib</Filter>
    </ClInclude>
    <ClInclude Include="External_Libraries\MathGeoLib\include\Math\float2.h">
      <Filter>Libraries\MathGeoLib</Filter>
    </ClInclude>
    <ClInclude Include="External_Libraries\MathGeoLib\include\Math\float3.h">
      <Filter>Libraries\MathGeoLib</Filter>
    </ClInclude>
    <ClInclude Include="External_Libraries\MathGeoLib\include\Math\float3x3.h">
      <Filter>Libraries\MathGeoLib</Filter>
    </ClInclude>
    <ClInclude Include="External_Libraries\MathGeoLib\include\Math\float3x4.h">
      <Filter>Libraries\MathGeoLib</Filter>
    </ClInclude>
    <ClInclude Include="External_Libraries\MathGeoLib\include\Math\float4.h">
      <Filter>Libraries\MathGeoLib</Filter>
    </ClInclude>
    <ClInclude Include="External_Libraries\MathGeoLib\include\Math\float4_neon.h">
      <Filter>Libraries\MathGeoLib</Filter>
    </ClInclude>
    <ClInclude Include="External_Libraries\MathGeoLib\include\Math\float4_sse.h">
      <Filter>Libraries\MathGeoLib</Filter>
    </ClInclude>
    <ClInclude Include="External_Libraries\MathGeoLib\include\Math\float4x4.h">
      <Filter>Libraries\MathGeoLib</Filter>
    </ClInclude>
    <ClInclude Include="External_Libraries\MathGeoLib\include\Math\float4x4_neon.h">
      <Filter>Libraries\MathGeoLib</Filter>
    </ClInclude>
    <ClInclude Include="External_Libraries\MathGeoLib\include\Math\float4x4_sse.h">
      <Filter>Libraries\MathGeoLib</Filter>
    </ClInclude>
    <ClInclude Include="External_Libraries\MathGeoLib\include\Math\FloatCmp.h">
      <Filter>Libraries\MathGeoLib</Filter>
    </ClInclude>
    <ClInclude Include="External_Libraries\MathGeoLib\include\Math\MathAll.h">
      <Filter>Libraries\MathGeoLib</Filter>
    </ClInclude>
    <ClInclude Include="External_Libraries\MathGeoLib\include\Math\MathConstants.h">
      <Filter>Libraries\MathGeoLib</Filter>
    </ClInclude>
    <ClInclude Include="External_Libraries\MathGeoLib\include\Math\MathFunc.h">
      <Filter>Libraries\MathGeoLib</Filter>
    </ClInclude>
    <ClInclude Include="External_Libraries\MathGeoLib\include\Math\MathLog.h">
      <Filter>Libraries\MathGeoLib</Filter>
    </ClInclude>
    <ClInclude Include="External_Libraries\MathGeoLib\include\Math\MathNamespace.h">
      <Filter>Libraries\MathGeoLib</Filter>
    </ClInclude>
    <ClInclude Include="External_Libraries\MathGeoLib\include\Math\MathTypes.h">
      <Filter>Libraries\MathGeoLib</Filter>
    </ClInclude>
    <ClInclude Include="External_Libraries\MathGeoLib\include\Math\MatrixProxy.h">
      <Filter>Libraries\MathGeoLib</Filter>
    </ClInclude>
    <ClInclude Include="External_Libraries\MathGeoLib\include\Math\myassert.h">
      <Filter>Libraries\MathGeoLib</Filter>
    </ClInclude>
    <ClInclude Include="External_Libraries\MathGeoLib\include\Math\Polynomial.h">
      <Filter>Libraries\MathGeoLib</Filter>
    </ClInclude>
    <ClInclude Include="External_Libraries\MathGeoLib\include\Math\Quat.h">
      <Filter>Libraries\MathGeoLib</Filter>
    </ClInclude>
    <ClInclude Include="External_Libraries\MathGeoLib\include\Math\quat_simd.h">
      <Filter>Libraries\MathGeoLib</Filter>
    </ClInclude>
    <ClInclude Include="External_Libraries\MathGeoLib\include\Math\Rect.h">
      <Filter>Libraries\MathGeoLib</Filter>
    </ClInclude>
    <ClInclude Include="External_Libraries\MathGeoLib\include\Math\Reinterpret.h">
      <Filter>Libraries\MathGeoLib</Filter>
    </ClInclude>
    <ClInclude Include="External_Libraries\MathGeoLib\include\Math\sse_mathfun.h">
      <Filter>Libraries\MathGeoLib</Filter>
    </ClInclude>
    <ClInclude Include="External_Libraries\MathGeoLib\include\Math\SSEMath.h">
      <Filter>Libraries\MathGeoLib</Filter>
    </ClInclude>
    <ClInclude Include="External_Libraries\MathGeoLib\include\Math\TransformOps.h">
      <Filter>Libraries\MathGeoLib</Filter>
    </ClInclude>
    <ClInclude Include="External_Libraries\MathGeoLib\include\Time\Clock.h">
      <Filter>Libraries\MathGeoLib</Filter>
    </ClInclude>
    <ClInclude Include="External_Libraries\DevIL\include\devil_cpp_wrapper.hpp">
      <Filter>Libraries\Devl</Filter>
    </ClInclude>
    <ClInclude Include="External_Libraries\DevIL\include\devil_internal_exports.h">
      <Filter>Libraries\Devl</Filter>
    </ClInclude>
    <ClInclude Include="External_Libraries\DevIL\include\il.h">
      <Filter>Libraries\Devl</Filter>
    </ClInclude>
    <ClInclude Include="External_Libraries\DevIL\include\il_wrap.h">
      <Filter>Libraries\Devl</Filter>
    </ClInclude>
    <ClInclude Include="External_Libraries\DevIL\include\ilu.h">
      <Filter>Libraries\Devl</Filter>
    </ClInclude>
    <ClInclude Include="External_Libraries\DevIL\include\ilu_region.h">
      <Filter>Libraries\Devl</Filter>
    </ClInclude>
    <ClInclude Include="External_Libraries\DevIL\include\ilut.h">
      <Filter>Libraries\Devl</Filter>
    </ClInclude>
    <ClInclude Include="External_Libraries\DevIL\include\ilut_config.h">
      <Filter>Libraries\Devl</Filter>
    </ClInclude>
    <ClInclude Include="C_Mesh.h">
      <Filter>Sources\GO_Components</Filter>
    </ClInclude>
    <ClInclude Include="ModuleResources.h">
      <Filter>Modules</Filter>
    </ClInclude>
    <ClInclude Include="CameraClass.h">
      <Filter>Sources\Tools\Camera</Filter>
    </ClInclude>
    <ClInclude Include="ImGameWindow.h">
      <Filter>Sources\Resources\ImguiWindows</Filter>
    </ClInclude>
    <ClInclude Include="CamBuffers.h">
      <Filter>Sources\Tools\CamBuffers</Filter>
    </ClInclude>
  </ItemGroup>
  <ItemGroup>
    <Filter Include="Modules">
      <UniqueIdentifier>{20d97d2b-15ab-48e8-90ab-76a92e774fe0}</UniqueIdentifier>
    </Filter>
    <Filter Include="Main">
      <UniqueIdentifier>{0e663890-19b2-4b6e-a30c-ff784909f5f9}</UniqueIdentifier>
    </Filter>
    <Filter Include="Libraries">
      <UniqueIdentifier>{b124ad26-1602-4d47-9b8b-f46da722b6ad}</UniqueIdentifier>
    </Filter>
    <Filter Include="Libraries\Imgui">
      <UniqueIdentifier>{96b09c14-82d5-4d91-924f-656a1d6c9b59}</UniqueIdentifier>
    </Filter>
    <Filter Include="Libraries\Glew">
      <UniqueIdentifier>{2d5abae7-b934-492c-8235-71d40148b9e3}</UniqueIdentifier>
    </Filter>
    <Filter Include="Libraries\Assimp">
      <UniqueIdentifier>{6372a590-ed71-4c9a-b0d1-d0740cdeea24}</UniqueIdentifier>
    </Filter>
    <Filter Include="Sources">
      <UniqueIdentifier>{022f6d58-f385-42dc-95be-ca257c88e24b}</UniqueIdentifier>
    </Filter>
    <Filter Include="Sources\Tools">
      <UniqueIdentifier>{4291afe4-2af7-44bd-b765-4d5c51b8cb05}</UniqueIdentifier>
    </Filter>
    <Filter Include="Sources\Resources">
      <UniqueIdentifier>{e7cdcfb6-bd46-4df7-9ebf-2c42a97e60d1}</UniqueIdentifier>
    </Filter>
    <Filter Include="Sources\Tools\MeshLoader">
      <UniqueIdentifier>{5e67f12b-e611-4d1f-bec4-5ac218de2797}</UniqueIdentifier>
    </Filter>
    <Filter Include="Sources\Tools\TextureLoader">
      <UniqueIdentifier>{9944659e-6ff3-4560-9490-3690d3cd39dd}</UniqueIdentifier>
    </Filter>
    <Filter Include="Sources\GO_Main">
      <UniqueIdentifier>{a578bfa1-229e-4a09-a44d-9a99dc73b347}</UniqueIdentifier>
    </Filter>
    <Filter Include="Sources\GO_Components">
      <UniqueIdentifier>{6a787833-16d7-4252-9860-154592f9cb75}</UniqueIdentifier>
    </Filter>
    <Filter Include="Sources\Resources\ImguiWindows">
      <UniqueIdentifier>{fd722a28-1c15-4a85-a50e-f6642eaada4a}</UniqueIdentifier>
    </Filter>
    <Filter Include="Sources\Resources\ImGuiSamples">
      <UniqueIdentifier>{61c4bde7-56c6-48b9-9f6d-1d2a6bbb0d8d}</UniqueIdentifier>
    </Filter>
    <Filter Include="Libraries\MathGeoLib">
      <UniqueIdentifier>{5a97631c-e34f-4dd9-8f08-5967fe9ccc4e}</UniqueIdentifier>
    </Filter>
    <Filter Include="Libraries\Devl">
      <UniqueIdentifier>{24b38a1b-8719-4a07-8f2c-e6223f7cd628}</UniqueIdentifier>
    </Filter>
    <Filter Include="Sources\Tools\Camera">
      <UniqueIdentifier>{a545bdc5-4289-488a-a6af-8dfa338388d2}</UniqueIdentifier>
    </Filter>
    <Filter Include="Sources\Tools\CamBuffers">
      <UniqueIdentifier>{2ea804b0-76d6-4e9e-9ccb-b64a8e5cdc02}</UniqueIdentifier>
    </Filter>
  </ItemGroup>
  <ItemGroup>
    <None Include="External_Libraries\Assimp\include\color4.inl">
      <Filter>Libraries\Assimp</Filter>
    </None>
    <None Include="External_Libraries\Assimp\include\material.inl">
      <Filter>Libraries\Assimp</Filter>
    </None>
    <None Include="External_Libraries\Assimp\include\matrix3x3.inl">
      <Filter>Libraries\Assimp</Filter>
    </None>
    <None Include="External_Libraries\Assimp\include\matrix4x4.inl">
      <Filter>Libraries\Assimp</Filter>
    </None>
    <None Include="External_Libraries\Assimp\include\quaternion.inl">
      <Filter>Libraries\Assimp</Filter>
    </None>
    <None Include="External_Libraries\Assimp\include\vector2.inl">
      <Filter>Libraries\Assimp</Filter>
    </None>
    <None Include="External_Libraries\Assimp\include\vector3.inl">
      <Filter>Libraries\Assimp</Filter>
    </None>
    <None Include="External_Libraries\MathGeoLib\include\Geometry\KDTree.inl">
      <Filter>Libraries\MathGeoLib</Filter>
    </None>
    <None Include="External_Libraries\MathGeoLib\include\Geometry\QuadTree.inl">
      <Filter>Libraries\MathGeoLib</Filter>
    </None>
    <None Include="External_Libraries\MathGeoLib\include\Geometry\TriangleMesh_IntersectRay_AVX.inl">
      <Filter>Libraries\MathGeoLib</Filter>
    </None>
    <None Include="External_Libraries\MathGeoLib\include\Geometry\TriangleMesh_IntersectRay_CPP.inl">
      <Filter>Libraries\MathGeoLib</Filter>
    </None>
    <None Include="External_Libraries\MathGeoLib\include\Geometry\TriangleMesh_IntersectRay_SSE.inl">
      <Filter>Libraries\MathGeoLib</Filter>
    </None>
    <None Include="External_Libraries\MathGeoLib\include\Math\Matrix.inl">
      <Filter>Libraries\MathGeoLib</Filter>
    </None>
    <None Include="External_Libraries\DevIL\include\build-lua">
      <Filter>Libraries\Devl</Filter>
    </None>
    <None Include="External_Libraries\DevIL\include\build-python">
      <Filter>Libraries\Devl</Filter>
    </None>
    <None Include="External_Libraries\DevIL\include\config.h.win">
      <Filter>Libraries\Devl</Filter>
    </None>
    <None Include="External_Libraries\DevIL\include\DevIL.i">
      <Filter>Libraries\Devl</Filter>
    </None>
    <None Include="External_Libraries\DevIL\include\stamp-h.in">
      <Filter>Libraries\Devl</Filter>
    </None>
  </ItemGroup>
</Project>